
Microsoft Visual Studio Solution File, Format Version 12.00
# Visual Studio Version 16
VisualStudioVersion = 16.0.29709.97
MinimumVisualStudioVersion = 10.0.40219.1
Project("{9A19103F-16F7-4668-BE54-9A1E7A4F7556}") = "FileViewerExercise", "FileViewerExercise.csproj", "{E9895849-D0DC-4D26-A409-F25992CB31EE}"
EndProject
Global
	GlobalSection(SolutionConfigurationPlatforms) = preSolution
		Debug|Any CPU = Debug|Any CPU
		Release|Any CPU = Release|Any CPU
	EndGlobalSection
	GlobalSection(ProjectConfigurationPlatforms) = postSolution
		{E9895849-D0DC-4D26-A409-F25992CB31EE}.Debug|Any CPU.ActiveCfg = Release|Any CPU
		{E9895849-D0DC-4D26-A409-F25992CB31EE}.Debug|Any CPU.Build.0 = Release|Any CPU
		{E9895849-D0DC-4D26-A409-F25992CB31EE}.Release|Any CPU.ActiveCfg = Release|Any CPU
		{E9895849-D0DC-4D26-A409-F25992CB31EE}.Release|Any CPU.Build.0 = Release|Any CPU
	EndGlobalSection
	GlobalSection(SolutionProperties) = preSolution
		HideSolutionNode = FALSE
	EndGlobalSection
	GlobalSection(ExtensibilityGlobals) = postSolution
		SolutionGuid = {659EC04C-3E32-423C-856E-C50EC9A604E9}
	EndGlobalSection
EndGlobal
